
Microsoft Visual Studio Solution File, Format Version 12.00
Project("{FAE04EC0-301F-11D3-BF4B-00C04F79EFBC}") = "Enigmaze.UI", "Enigmaze.UI\Enigmaze.UI.csproj", "{6137B0DD-5482-490A-875B-CDEF6B2F2D4E}"
EndProject
Project("{FAE04EC0-301F-11D3-BF4B-00C04F79EFBC}") = "Enigmaze.Core", "Enigmaze.Core\Enigmaze.Core.csproj", "{DF6D4950-1FB1-47A3-A6C6-8D9F626DA391}"
EndProject
Project("{FAE04EC0-301F-11D3-BF4B-00C04F79EFBC}") = "Enigmaze.Test", "Enigmaze.Test\Enigmaze.Test.csproj", "{3E6AE41A-267F-4FF0-84A2-B0D15587D561}"
EndProject
Global
	GlobalSection(SolutionConfigurationPlatforms) = preSolution
		Debug|Any CPU = Debug|Any CPU
		Release|Any CPU = Release|Any CPU
	EndGlobalSection
	GlobalSection(ProjectConfigurationPlatforms) = postSolution
		{6137B0DD-5482-490A-875B-CDEF6B2F2D4E}.Debug|Any CPU.ActiveCfg = Debug|Any CPU
		{6137B0DD-5482-490A-875B-CDEF6B2F2D4E}.Debug|Any CPU.Build.0 = Debug|Any CPU
		{6137B0DD-5482-490A-875B-CDEF6B2F2D4E}.Release|Any CPU.ActiveCfg = Release|Any CPU
		{6137B0DD-5482-490A-875B-CDEF6B2F2D4E}.Release|Any CPU.Build.0 = Release|Any CPU
		{DF6D4950-1FB1-47A3-A6C6-8D9F626DA391}.Debug|Any CPU.ActiveCfg = Debug|Any CPU
		{DF6D4950-1FB1-47A3-A6C6-8D9F626DA391}.Debug|Any CPU.Build.0 = Debug|Any CPU
		{DF6D4950-1FB1-47A3-A6C6-8D9F626DA391}.Release|Any CPU.ActiveCfg = Release|Any CPU
		{DF6D4950-1FB1-47A3-A6C6-8D9F626DA391}.Release|Any CPU.Build.0 = Release|Any CPU
		{3E6AE41A-267F-4FF0-84A2-B0D15587D561}.Debug|Any CPU.ActiveCfg = Debug|Any CPU
		{3E6AE41A-267F-4FF0-84A2-B0D15587D561}.Debug|Any CPU.Build.0 = Debug|Any CPU
		{3E6AE41A-267F-4FF0-84A2-B0D15587D561}.Release|Any CPU.ActiveCfg = Release|Any CPU
		{3E6AE41A-267F-4FF0-84A2-B0D15587D561}.Release|Any CPU.Build.0 = Release|Any CPU
	EndGlobalSection
EndGlobal
